
Microsoft Visual Studio Solution File, Format Version 12.00
# Visual Studio 15
VisualStudioVersion = 15.0.28307.539
MinimumVisualStudioVersion = 10.0.40219.1
Project("{9A19103F-16F7-4668-BE54-9A1E7A4F7556}") = "FuffyDuffyMuchkinCats", "FuffyDuffyMuchkinCats\FuffyDuffyMuchkinCats.csproj", "{9224C7A9-40BB-4405-AAD3-0D46996F826A}"
EndProject
Global
	GlobalSection(SolutionConfigurationPlatforms) = preSolution
		Debug|Any CPU = Debug|Any CPU
		Release|Any CPU = Release|Any CPU
	EndGlobalSection
	GlobalSection(ProjectConfigurationPlatforms) = postSolution
		{9224C7A9-40BB-4405-AAD3-0D46996F826A}.Debug|Any CPU.ActiveCfg = Debug|Any CPU
		{9224C7A9-40BB-4405-AAD3-0D46996F826A}.Debug|Any CPU.Build.0 = Debug|Any CPU
		{9224C7A9-40BB-4405-AAD3-0D46996F826A}.Release|Any CPU.ActiveCfg = Release|Any CPU
		{9224C7A9-40BB-4405-AAD3-0D46996F826A}.Release|Any CPU.Build.0 = Release|Any CPU
	EndGlobalSection
	GlobalSection(SolutionProperties) = preSolution
		HideSolutionNode = FALSE
	EndGlobalSection
	GlobalSection(ExtensibilityGlobals) = postSolution
		SolutionGuid = {882D9DFE-020B-4EA1-86F0-5ACDEB08FBDD}
	EndGlobalSection
EndGlobal
