
Microsoft Visual Studio Solution File, Format Version 12.00
# Visual Studio Version 16
VisualStudioVersion = 16.0.28729.10
MinimumVisualStudioVersion = 10.0.40219.1
Project("{9A19103F-16F7-4668-BE54-9A1E7A4F7556}") = "Panda.App", "Panda.App\Panda.App.csproj", "{ED0C01DD-1B9A-412F-89AA-3E0C53A16973}"
EndProject
Project("{9A19103F-16F7-4668-BE54-9A1E7A4F7556}") = "Panda.Domain", "Panda.Domain\Panda.Domain.csproj", "{3416A4EC-1687-4AB2-B468-3AC6B6E3C2F0}"
EndProject
Project("{9A19103F-16F7-4668-BE54-9A1E7A4F7556}") = "Panda.Persistence", "Panda.Persistence\Panda.Persistence.csproj", "{62687E4F-1244-47D7-A46B-14C632FC3820}"
EndProject
Project("{FAE04EC0-301F-11D3-BF4B-00C04F79EFBC}") = "Panda.Services", "Panda.Services\Panda.Services.csproj", "{C0B8C65C-B14E-4623-8D2A-C5206F3C4412}"
EndProject
Global
	GlobalSection(SolutionConfigurationPlatforms) = preSolution
		Debug|Any CPU = Debug|Any CPU
		Release|Any CPU = Release|Any CPU
	EndGlobalSection
	GlobalSection(ProjectConfigurationPlatforms) = postSolution
		{ED0C01DD-1B9A-412F-89AA-3E0C53A16973}.Debug|Any CPU.ActiveCfg = Debug|Any CPU
		{ED0C01DD-1B9A-412F-89AA-3E0C53A16973}.Debug|Any CPU.Build.0 = Debug|Any CPU
		{ED0C01DD-1B9A-412F-89AA-3E0C53A16973}.Release|Any CPU.ActiveCfg = Release|Any CPU
		{ED0C01DD-1B9A-412F-89AA-3E0C53A16973}.Release|Any CPU.Build.0 = Release|Any CPU
		{3416A4EC-1687-4AB2-B468-3AC6B6E3C2F0}.Debug|Any CPU.ActiveCfg = Debug|Any CPU
		{3416A4EC-1687-4AB2-B468-3AC6B6E3C2F0}.Debug|Any CPU.Build.0 = Debug|Any CPU
		{3416A4EC-1687-4AB2-B468-3AC6B6E3C2F0}.Release|Any CPU.ActiveCfg = Release|Any CPU
		{3416A4EC-1687-4AB2-B468-3AC6B6E3C2F0}.Release|Any CPU.Build.0 = Release|Any CPU
		{62687E4F-1244-47D7-A46B-14C632FC3820}.Debug|Any CPU.ActiveCfg = Debug|Any CPU
		{62687E4F-1244-47D7-A46B-14C632FC3820}.Debug|Any CPU.Build.0 = Debug|Any CPU
		{62687E4F-1244-47D7-A46B-14C632FC3820}.Release|Any CPU.ActiveCfg = Release|Any CPU
		{62687E4F-1244-47D7-A46B-14C632FC3820}.Release|Any CPU.Build.0 = Release|Any CPU
		{C0B8C65C-B14E-4623-8D2A-C5206F3C4412}.Debug|Any CPU.ActiveCfg = Debug|Any CPU
		{C0B8C65C-B14E-4623-8D2A-C5206F3C4412}.Debug|Any CPU.Build.0 = Debug|Any CPU
		{C0B8C65C-B14E-4623-8D2A-C5206F3C4412}.Release|Any CPU.ActiveCfg = Release|Any CPU
		{C0B8C65C-B14E-4623-8D2A-C5206F3C4412}.Release|Any CPU.Build.0 = Release|Any CPU
	EndGlobalSection
	GlobalSection(SolutionProperties) = preSolution
		HideSolutionNode = FALSE
	EndGlobalSection
	GlobalSection(ExtensibilityGlobals) = postSolution
		SolutionGuid = {8F62BCE1-712C-4D1A-904D-70204C6744FA}
	EndGlobalSection
EndGlobal
